// !$*UTF8*$!
{
	archiveVersion = 1;
	classes = {
	};
	objectVersion = 55;
	objects = {

/* Begin PBXBuildFile section */
		F51C22FF26D367FA0027B356 /* AppDelegate.swift in Sources */ = {isa = PBXBuildFile; fileRef = F51C22FE26D367FA0027B356 /* AppDelegate.swift */; };
		F51C230126D367FA0027B356 /* SceneDelegate.swift in Sources */ = {isa = PBXBuildFile; fileRef = F51C230026D367FA0027B356 /* SceneDelegate.swift */; };
		F51C230326D367FA0027B356 /* ViewController.swift in Sources */ = {isa = PBXBuildFile; fileRef = F51C230226D367FA0027B356 /* ViewController.swift */; };
		F51C230626D367FA0027B356 /* Main.storyboard in Resources */ = {isa = PBXBuildFile; fileRef = F51C230426D367FA0027B356 /* Main.storyboard */; };
		F51C230826D367FC0027B356 /* Assets.xcassets in Resources */ = {isa = PBXBuildFile; fileRef = F51C230726D367FC0027B356 /* Assets.xcassets */; };
		F51C230B26D367FC0027B356 /* LaunchScreen.storyboard in Resources */ = {isa = PBXBuildFile; fileRef = F51C230926D367FC0027B356 /* LaunchScreen.storyboard */; };
		F51C231626D367FC0027B356 /* DemoCameraCaptureTests.swift in Sources */ = {isa = PBXBuildFile; fileRef = F51C231526D367FC0027B356 /* DemoCameraCaptureTests.swift */; };
		F51C232026D367FC0027B356 /* DemoCameraCaptureUITests.swift in Sources */ = {isa = PBXBuildFile; fileRef = F51C231F26D367FC0027B356 /* DemoCameraCaptureUITests.swift */; };
/* End PBXBuildFile section */

/* Begin PBXContainerItemProxy section */
		F51C231226D367FC0027B356 /* PBXContainerItemProxy */ = {
			isa = PBXContainerItemProxy;
			containerPortal = F51C22F326D367FA0027B356 /* Project object */;
			proxyType = 1;
			remoteGlobalIDString = F51C22FA26D367FA0027B356;
			remoteInfo = DemoCameraCapture;
		};
		F51C231C26D367FC0027B356 /* PBXContainerItemProxy */ = {
			isa = PBXContainerItemProxy;
			containerPortal = F51C22F326D367FA0027B356 /* Project object */;
			proxyType = 1;
			remoteGlobalIDString = F51C22FA26D367FA0027B356;
			remoteInfo = DemoCameraCapture;
		};
/* End PBXContainerItemProxy section */

/* Begin PBXFileReference section */
		F51C22FB26D367FA0027B356 /* DemoCameraCapture.app */ = {isa = PBXFileReference; explicitFileType = wrapper.application; includeInIndex = 0; path = DemoCameraCapture.app; sourceTree = BUILT_PRODUCTS_DIR; };
		F51C22FE26D367FA0027B356 /* AppDelegate.swift */ = {isa = PBXFileReference; lastKnownFileType = sourcecode.swift; path = AppDelegate.swift; sourceTree = "<group>"; };
		F51C230026D367FA0027B356 /* SceneDelegate.swift */ = {isa = PBXFileReference; lastKnownFileType = sourcecode.swift; path = SceneDelegate.swift; sourceTree = "<group>"; };
		F51C230226D367FA0027B356 /* ViewController.swift */ = {isa = PBXFileReference; lastKnownFileType = sourcecode.swift; path = ViewController.swift; sourceTree = "<group>"; };
		F51C230526D367FA0027B356 /* Base */ = {isa = PBXFileReference; lastKnownFileType = file.storyboard; name = Base; path = Base.lproj/Main.storyboard; sourceTree = "<group>"; };
		F51C230726D367FC0027B356 /* Assets.xcassets */ = {isa = PBXFileReference; lastKnownFileType = folder.assetcatalog; path = Assets.xcassets; sourceTree = "<group>"; };
		F51C230A26D367FC0027B356 /* Base */ = {isa = PBXFileReference; lastKnownFileType = file.storyboard; name = Base; path = Base.lproj/LaunchScreen.storyboard; sourceTree = "<group>"; };
		F51C230C26D367FC0027B356 /* Info.plist */ = {isa = PBXFileReference; lastKnownFileType = text.plist.xml; path = Info.plist; sourceTree = "<group>"; };
		F51C231126D367FC0027B356 /* DemoCameraCaptureTests.xctest */ = {isa = PBXFileReference; explicitFileType = wrapper.cfbundle; includeInIndex = 0; path = DemoCameraCaptureTests.xctest; sourceTree = BUILT_PRODUCTS_DIR; };
		F51C231526D367FC0027B356 /* DemoCameraCaptureTests.swift */ = {isa = PBXFileReference; lastKnownFileType = sourcecode.swift; path = DemoCameraCaptureTests.swift; sourceTree = "<group>"; };
		F51C231B26D367FC0027B356 /* DemoCameraCaptureUITests.xctest */ = {isa = PBXFileReference; explicitFileType = wrapper.cfbundle; includeInIndex = 0; path = DemoCameraCaptureUITests.xctest; sourceTree = BUILT_PRODUCTS_DIR; };
		F51C231F26D367FC0027B356 /* DemoCameraCaptureUITests.swift */ = {isa = PBXFileReference; lastKnownFileType = sourcecode.swift; path = DemoCameraCaptureUITests.swift; sourceTree = "<group>"; };
/* End PBXFileReference section */

/* Begin PBXFrameworksBuildPhase section */
		F51C22F826D367FA0027B356 /* Frameworks */ = {
			isa = PBXFrameworksBuildPhase;
			buildActionMask = 2147483647;
			files = (
			);
			runOnlyForDeploymentPostprocessing = 0;
		};
		F51C230E26D367FC0027B356 /* Frameworks */ = {
			isa = PBXFrameworksBuildPhase;
			buildActionMask = 2147483647;
			files = (
			);
			runOnlyForDeploymentPostprocessing = 0;
		};
		F51C231826D367FC0027B356 /* Frameworks */ = {
			isa = PBXFrameworksBuildPhase;
			buildActionMask = 2147483647;
			files = (
			);
			runOnlyForDeploymentPostprocessing = 0;
		};
/* End PBXFrameworksBuildPhase section */

/* Begin PBXGroup section */
		F51C22F226D367FA0027B356 = {
			isa = PBXGroup;
			children = (
				F51C22FD26D367FA0027B356 /* DemoCameraCapture */,
				F51C231426D367FC0027B356 /* DemoCameraCaptureTests */,
				F51C231E26D367FC0027B356 /* DemoCameraCaptureUITests */,
				F51C22FC26D367FA0027B356 /* Products */,
			);
			sourceTree = "<group>";
		};
		F51C22FC26D367FA0027B356 /* Products */ = {
			isa = PBXGroup;
			children = (
				F51C22FB26D367FA0027B356 /* DemoCameraCapture.app */,
				F51C231126D367FC0027B356 /* DemoCameraCaptureTests.xctest */,
				F51C231B26D367FC0027B356 /* DemoCameraCaptureUITests.xctest */,
			);
			name = Products;
			sourceTree = "<group>";
		};
		F51C22FD26D367FA0027B356 /* DemoCameraCapture */ = {
			isa = PBXGroup;
			children = (
				F51C22FE26D367FA0027B356 /* AppDelegate.swift */,
				F51C230026D367FA0027B356 /* SceneDelegate.swift */,
				F51C230226D367FA0027B356 /* ViewController.swift */,
				F51C230426D367FA0027B356 /* Main.storyboard */,
				F51C230726D367FC0027B356 /* Assets.xcassets */,
				F51C230926D367FC0027B356 /* LaunchScreen.storyboard */,
				F51C230C26D367FC0027B356 /* Info.plist */,
			);
			path = DemoCameraCapture;
			sourceTree = "<group>";
		};
		F51C231426D367FC0027B356 /* DemoCameraCaptureTests */ = {
			isa = PBXGroup;
			children = (
				F51C231526D367FC0027B356 /* DemoCameraCaptureTests.swift */,
			);
			path = DemoCameraCaptureTests;
			sourceTree = "<group>";
		};
		F51C231E26D367FC0027B356 /* DemoCameraCaptureUITests */ = {
			isa = PBXGroup;
			children = (
				F51C231F26D367FC0027B356 /* DemoCameraCaptureUITests.swift */,
			);
			path = DemoCameraCaptureUITests;
			sourceTree = "<group>";
		};
/* End PBXGroup section */

/* Begin PBXNativeTarget section */
		F51C22FA26D367FA0027B356 /* DemoCameraCapture */ = {
			isa = PBXNativeTarget;
			buildConfigurationList = F51C232326D367FC0027B356 /* Build configuration list for PBXNativeTarget "DemoCameraCapture" */;
			buildPhases = (
				F51C22F726D367FA0027B356 /* Sources */,
				F51C22F826D367FA0027B356 /* Frameworks */,
				F51C22F926D367FA0027B356 /* Resources */,
			);
			buildRules = (
			);
			dependencies = (
			);
			name = DemoCameraCapture;
			productName = DemoCameraCapture;
			productReference = F51C22FB26D367FA0027B356 /* DemoCameraCapture.app */;
			productType = "com.apple.product-type.application";
		};
		F51C231026D367FC0027B356 /* DemoCameraCaptureTests */ = {
			isa = PBXNativeTarget;
			buildConfigurationList = F51C232626D367FC0027B356 /* Build configuration list for PBXNativeTarget "DemoCameraCaptureTests" */;
			buildPhases = (
				F51C230D26D367FC0027B356 /* Sources */,
				F51C230E26D367FC0027B356 /* Frameworks */,
				F51C230F26D367FC0027B356 /* Resources */,
			);
			buildRules = (
			);
			dependencies = (
				F51C231326D367FC0027B356 /* PBXTargetDependency */,
			);
			name = DemoCameraCaptureTests;
			productName = DemoCameraCaptureTests;
			productReference = F51C231126D367FC0027B356 /* DemoCameraCaptureTests.xctest */;
			productType = "com.apple.product-type.bundle.unit-test";
		};
		F51C231A26D367FC0027B356 /* DemoCameraCaptureUITests */ = {
			isa = PBXNativeTarget;
			buildConfigurationList = F51C232926D367FC0027B356 /* Build configuration list for PBXNativeTarget "DemoCameraCaptureUITests" */;
			buildPhases = (
				F51C231726D367FC0027B356 /* Sources */,
				F51C231826D367FC0027B356 /* Frameworks */,
				F51C231926D367FC0027B356 /* Resources */,
			);
			buildRules = (
			);
			dependencies = (
				F51C231D26D367FC0027B356 /* PBXTargetDependency */,
			);
			name = DemoCameraCaptureUITests;
			productName = DemoCameraCaptureUITests;
			productReference = F51C231B26D367FC0027B356 /* DemoCameraCaptureUITests.xctest */;
			productType = "com.apple.product-type.bundle.ui-testing";
		};
/* End PBXNativeTarget section */

/* Begin PBXProject section */
		F51C22F326D367FA0027B356 /* Project object */ = {
			isa = PBXProject;
			attributes = {
				BuildIndependentTargetsInParallel = 1;
				LastSwiftUpdateCheck = 1300;
				LastUpgradeCheck = 1300;
				TargetAttributes = {
					F51C22FA26D367FA0027B356 = {
						CreatedOnToolsVersion = 13.0;
					};
					F51C231026D367FC0027B356 = {
						CreatedOnToolsVersion = 13.0;
						TestTargetID = F51C22FA26D367FA0027B356;
					};
					F51C231A26D367FC0027B356 = {
						CreatedOnToolsVersion = 13.0;
						TestTargetID = F51C22FA26D367FA0027B356;
					};
				};
			};
			buildConfigurationList = F51C22F626D367FA0027B356 /* Build configuration list for PBXProject "DemoCameraCapture" */;
			compatibilityVersion = "Xcode 13.0";
			developmentRegion = en;
			hasScannedForEncodings = 0;
			knownRegions = (
				en,
				Base,
			);
			mainGroup = F51C22F226D367FA0027B356;
			productRefGroup = F51C22FC26D367FA0027B356 /* Products */;
			projectDirPath = "";
			projectRoot = "";
			targets = (
				F51C22FA26D367FA0027B356 /* DemoCameraCapture */,
				F51C231026D367FC0027B356 /* DemoCameraCaptureTests */,
				F51C231A26D367FC0027B356 /* DemoCameraCaptureUITests */,
			);
		};
/* End PBXProject section */

/* Begin PBXResourcesBuildPhase section */
		F51C22F926D367FA0027B356 /* Resources */ = {
			isa = PBXResourcesBuildPhase;
			buildActionMask = 2147483647;
			files = (
				F51C230B26D367FC0027B356 /* LaunchScreen.storyboard in Resources */,
				F51C230826D367FC0027B356 /* Assets.xcassets in Resources */,
				F51C230626D367FA0027B356 /* Main.storyboard in Resources */,
			);
			runOnlyForDeploymentPostprocessing = 0;
		};
		F51C230F26D367FC0027B356 /* Resources */ = {
			isa = PBXResourcesBuildPhase;
			buildActionMask = 2147483647;
			files = (
			);
			runOnlyForDeploymentPostprocessing = 0;
		};
		F51C231926D367FC0027B356 /* Resources */ = {
			isa = PBXResourcesBuildPhase;
			buildActionMask = 2147483647;
			files = (
			);
			runOnlyForDeploymentPostprocessing = 0;
		};
/* End PBXResourcesBuildPhase section */

/* Begin PBXSourcesBuildPhase section */
		F51C22F726D367FA0027B356 /* Sources */ = {
			isa = PBXSourcesBuildPhase;
			buildActionMask = 2147483647;
			files = (
				F51C230326D367FA0027B356 /* ViewController.swift in Sources */,
				F51C22FF26D367FA0027B356 /* AppDelegate.swift in Sources */,
				F51C230126D367FA0027B356 /* SceneDelegate.swift in Sources */,
			);
			runOnlyForDeploymentPostprocessing = 0;
		};
		F51C230D26D367FC0027B356 /* Sources */ = {
			isa = PBXSourcesBuildPhase;
			buildActionMask = 2147483647;
			files = (
				F51C231626D367FC0027B356 /* DemoCameraCaptureTests.swift in Sources */,
			);
			runOnlyForDeploymentPostprocessing = 0;
		};
		F51C231726D367FC0027B356 /* Sources */ = {
			isa = PBXSourcesBuildPhase;
			buildActionMask = 2147483647;
			files = (
				F51C232026D367FC0027B356 /* DemoCameraCaptureUITests.swift in Sources */,
			);
			runOnlyForDeploymentPostprocessing = 0;
		};
/* End PBXSourcesBuildPhase section */

/* Begin PBXTargetDependency section */
		F51C231326D367FC0027B356 /* PBXTargetDependency */ = {
			isa = PBXTargetDependency;
			target = F51C22FA26D367FA0027B356 /* DemoCameraCapture */;
			targetProxy = F51C231226D367FC0027B356 /* PBXContainerItemProxy */;
		};
		F51C231D26D367FC0027B356 /* PBXTargetDependency */ = {
			isa = PBXTargetDependency;
			target = F51C22FA26D367FA0027B356 /* DemoCameraCapture */;
			targetProxy = F51C231C26D367FC0027B356 /* PBXContainerItemProxy */;
		};
/* End PBXTargetDependency section */

/* Begin PBXVariantGroup section */
		F51C230426D367FA0027B356 /* Main.storyboard */ = {
			isa = PBXVariantGroup;
			children = (
				F51C230526D367FA0027B356 /* Base */,
			);
			name = Main.storyboard;
			sourceTree = "<group>";
		};
		F51C230926D367FC0027B356 /* LaunchScreen.storyboard */ = {
			isa = PBXVariantGroup;
			children = (
				F51C230A26D367FC0027B356 /* Base */,
			);
			name = LaunchScreen.storyboard;
			sourceTree = "<group>";
		};
/* End PBXVariantGroup section */

/* Begin XCBuildConfiguration section */
		F51C232126D367FC0027B356 /* Debug */ = {
			isa = XCBuildConfiguration;
			buildSettings = {
				ALWAYS_SEARCH_USER_PATHS = NO;
				CLANG_ANALYZER_NONNULL = YES;
				CLANG_ANALYZER_NUMBER_OBJECT_CONVERSION = YES_AGGRESSIVE;
				CLANG_CXX_LANGUAGE_STANDARD = "gnu++14";
				CLANG_CXX_LIBRARY = "libc++";
				CLANG_ENABLE_MODULES = YES;
				CLANG_ENABLE_OBJC_ARC = YES;
				CLANG_ENABLE_OBJC_WEAK = YES;
				CLANG_WARN_BLOCK_CAPTURE_AUTORELEASING = YES;
				CLANG_WARN_BOOL_CONVERSION = YES;
				CLANG_WARN_COMMA = YES;
				CLANG_WARN_CONSTANT_CONVERSION = YES;
				CLANG_WARN_DEPRECATED_OBJC_IMPLEMENTATIONS = YES;
				CLANG_WARN_DIRECT_OBJC_ISA_USAGE = YES_ERROR;
				CLANG_WARN_DOCUMENTATION_COMMENTS = YES;
				CLANG_WARN_EMPTY_BODY = YES;
				CLANG_WARN_ENUM_CONVERSION = YES;
				CLANG_WARN_INFINITE_RECURSION = YES;
				CLANG_WARN_INT_CONVERSION = YES;
				CLANG_WARN_NON_LITERAL_NULL_CONVERSION = YES;
				CLANG_WARN_OBJC_IMPLICIT_RETAIN_SELF = YES;
				CLANG_WARN_OBJC_LITERAL_CONVERSION = YES;
				CLANG_WARN_OBJC_ROOT_CLASS = YES_ERROR;
				CLANG_WARN_QUOTED_INCLUDE_IN_FRAMEWORK_HEADER = YES;
				CLANG_WARN_RANGE_LOOP_ANALYSIS = YES;
				CLANG_WARN_STRICT_PROTOTYPES = YES;
				CLANG_WARN_SUSPICIOUS_MOVE = YES;
				CLANG_WARN_UNGUARDED_AVAILABILITY = YES_AGGRESSIVE;
				CLANG_WARN_UNREACHABLE_CODE = YES;
				CLANG_WARN__DUPLICATE_METHOD_MATCH = YES;
				COPY_PHASE_STRIP = NO;
				DEBUG_INFORMATION_FORMAT = dwarf;
				ENABLE_STRICT_OBJC_MSGSEND = YES;
				ENABLE_TESTABILITY = YES;
				GCC_C_LANGUAGE_STANDARD = gnu11;
				GCC_DYNAMIC_NO_PIC = NO;
				GCC_NO_COMMON_BLOCKS = YES;
				GCC_OPTIMIZATION_LEVEL = 0;
				GCC_PREPROCESSOR_DEFINITIONS = (
					"DEBUG=1",
					"$(inherited)",
				);
				GCC_WARN_64_TO_32_BIT_CONVERSION = YES;
				GCC_WARN_ABOUT_RETURN_TYPE = YES_ERROR;
				GCC_WARN_UNDECLARED_SELECTOR = YES;
				GCC_WARN_UNINITIALIZED_AUTOS = YES_AGGRESSIVE;
				GCC_WARN_UNUSED_FUNCTION = YES;
				GCC_WARN_UNUSED_VARIABLE = YES;
				IPHONEOS_DEPLOYMENT_TARGET = 15.0;
				MTL_ENABLE_DEBUG_INFO = INCLUDE_SOURCE;
				MTL_FAST_MATH = YES;
				ONLY_ACTIVE_ARCH = YES;
				SDKROOT = iphoneos;
				SWIFT_ACTIVE_COMPILATION_CONDITIONS = DEBUG;
				SWIFT_OPTIMIZATION_LEVEL = "-Onone";
			};
			name = Debug;
		};
		F51C232226D367FC0027B356 /* Release */ = {
			isa = XCBuildConfiguration;
			buildSettings = {
				ALWAYS_SEARCH_USER_PATHS = NO;
				CLANG_ANALYZER_NONNULL = YES;
				CLANG_ANALYZER_NUMBER_OBJECT_CONVERSION = YES_AGGRESSIVE;
				CLANG_CXX_LANGUAGE_STANDARD = "gnu++14";
				CLANG_CXX_LIBRARY = "libc++";
				CLANG_ENABLE_MODULES = YES;
				CLANG_ENABLE_OBJC_ARC = YES;
				CLANG_ENABLE_OBJC_WEAK = YES;
				CLANG_WARN_BLOCK_CAPTURE_AUTORELEASING = YES;
				CLANG_WARN_BOOL_CONVERSION = YES;
				CLANG_WARN_COMMA = YES;
				CLANG_WARN_CONSTANT_CONVERSION = YES;
				CLANG_WARN_DEPRECATED_OBJC_IMPLEMENTATIONS = YES;
				CLANG_WARN_DIRECT_OBJC_ISA_USAGE = YES_ERROR;
				CLANG_WARN_DOCUMENTATION_COMMENTS = YES;
				CLANG_WARN_EMPTY_BODY = YES;
				CLANG_WARN_ENUM_CONVERSION = YES;
				CLANG_WARN_INFINITE_RECURSION = YES;
				CLANG_WARN_INT_CONVERSION = YES;
				CLANG_WARN_NON_LITERAL_NULL_CONVERSION = YES;
				CLANG_WARN_OBJC_IMPLICIT_RETAIN_SELF = YES;
				CLANG_WARN_OBJC_LITERAL_CONVERSION = YES;
				CLANG_WARN_OBJC_ROOT_CLASS = YES_ERROR;
				CLANG_WARN_QUOTED_INCLUDE_IN_FRAMEWORK_HEADER = YES;
				CLANG_WARN_RANGE_LOOP_ANALYSIS = YES;
				CLANG_WARN_STRICT_PROTOTYPES = YES;
				CLANG_WARN_SUSPICIOUS_MOVE = YES;
				CLANG_WARN_UNGUARDED_AVAILABILITY = YES_AGGRESSIVE;
				CLANG_WARN_UNREACHABLE_CODE = YES;
				CLANG_WARN__DUPLICATE_METHOD_MATCH = YES;
				COPY_PHASE_STRIP = NO;
				DEBUG_INFORMATION_FORMAT = "dwarf-with-dsym";
				ENABLE_NS_ASSERTIONS = NO;
				ENABLE_STRICT_OBJC_MSGSEND = YES;
				GCC_C_LANGUAGE_STANDARD = gnu11;
				GCC_NO_COMMON_BLOCKS = YES;
				GCC_WARN_64_TO_32_BIT_CONVERSION = YES;
				GCC_WARN_ABOUT_RETURN_TYPE = YES_ERROR;
				GCC_WARN_UNDECLARED_SELECTOR = YES;
				GCC_WARN_UNINITIALIZED_AUTOS = YES_AGGRESSIVE;
				GCC_WARN_UNUSED_FUNCTION = YES;
				GCC_WARN_UNUSED_VARIABLE = YES;
				IPHONEOS_DEPLOYMENT_TARGET = 15.0;
				MTL_ENABLE_DEBUG_INFO = NO;
				MTL_FAST_MATH = YES;
				SDKROOT = iphoneos;
				SWIFT_COMPILATION_MODE = wholemodule;
				SWIFT_OPTIMIZATION_LEVEL = "-O";
				VALIDATE_PRODUCT = YES;
			};
			name = Release;
		};
		F51C232426D367FC0027B356 /* Debug */ = {
			isa = XCBuildConfiguration;
			buildSettings = {
				ASSETCATALOG_COMPILER_APPICON_NAME = AppIcon;
				ASSETCATALOG_COMPILER_GLOBAL_ACCENT_COLOR_NAME = AccentColor;
				CODE_SIGN_STYLE = Automatic;
				CURRENT_PROJECT_VERSION = 1;
				DEVELOPMENT_TEAM = EAZT2D654U;
				GENERATE_INFOPLIST_FILE = YES;
				INFOPLIST_FILE = DemoCameraCapture/Info.plist;
				INFOPLIST_KEY_CFBundleExecutable = DemoCameraCapture;
				INFOPLIST_KEY_CFBundleName = DemoCameraCapture;
				INFOPLIST_KEY_CFBundleVersion = 1;
				INFOPLIST_KEY_UIApplicationSupportsIndirectInputEvents = YES;
				INFOPLIST_KEY_UILaunchStoryboardName = LaunchScreen;
				INFOPLIST_KEY_UIMainStoryboardFile = Main;
				INFOPLIST_KEY_UISupportedInterfaceOrientations = UIInterfaceOrientationPortrait;
				INFOPLIST_KEY_UISupportedInterfaceOrientations_iPad = "UIInterfaceOrientationPortrait UIInterfaceOrientationPortraitUpsideDown UIInterfaceOrientationLandscapeLeft UIInterfaceOrientationLandscapeRight";
				INFOPLIST_KEY_UISupportedInterfaceOrientations_iPhone = "UIInterfaceOrientationPortrait UIInterfaceOrientationLandscapeLeft UIInterfaceOrientationLandscapeRight";
				IPHONEOS_DEPLOYMENT_TARGET = 14.5;
				LD_RUNPATH_SEARCH_PATHS = (
					"$(inherited)",
					"@executable_path/Frameworks",
				);
				MARKETING_VERSION = 1.0;
				PRODUCT_BUNDLE_IDENTIFIER = yyokii.DemoCameraCapture;
				PRODUCT_NAME = "$(TARGET_NAME)";
				SWIFT_EMIT_LOC_STRINGS = YES;
				SWIFT_VERSION = 5.0;
				TARGETED_DEVICE_FAMILY = 1;
			};
			name = Debug;
		};
		F51C232526D367FC0027B356 /* Release */ = {
			isa = XCBuildConfiguration;
			buildSettings = {
				ASSETCATALOG_COMPILER_APPICON_NAME = AppIcon;
				ASSETCATALOG_COMPILER_GLOBAL_ACCENT_COLOR_NAME = AccentColor;
				CODE_SIGN_STYLE = Automatic;
				CURRENT_PROJECT_VERSION = 1;
				DEVELOPMENT_TEAM = EAZT2D654U;
				GENERATE_INFOPLIST_FILE = YES;
				INFOPLIST_FILE = DemoCameraCapture/Info.plist;
				INFOPLIST_KEY_CFBundleExecutable = DemoCameraCapture;
				INFOPLIST_KEY_CFBundleName = DemoCameraCapture;
				INFOPLIST_KEY_CFBundleVersion = 1;
				INFOPLIST_KEY_UIApplicationSupportsIndirectInputEvents = YES;
				INFOPLIST_KEY_UILaunchStoryboardName = LaunchScreen;
				INFOPLIST_KEY_UIMainStoryboardFile = Main;
				INFOPLIST_KEY_UISupportedInterfaceOrientations = UIInterfaceOrientationPortrait;
				INFOPLIST_KEY_UISupportedInterfaceOrientations_iPad = "UIInterfaceOrientationPortrait UIInterfaceOrientationPortraitUpsideDown UIInterfaceOrientationLandscapeLeft UIInterfaceOrientationLandscapeRight";
				INFOPLIST_KEY_UISupportedInterfaceOrientations_iPhone = "UIInterfaceOrientationPortrait UIInterfaceOrientationLandscapeLeft UIInterfaceOrientationLandscapeRight";
				IPHONEOS_DEPLOYMENT_TARGET = 14.5;
				LD_RUNPATH_SEARCH_PATHS = (
					"$(inherited)",
					"@executable_path/Frameworks",
				);
				MARKETING_VERSION = 1.0;
				PRODUCT_BUNDLE_IDENTIFIER = yyokii.DemoCameraCapture;
				PRODUCT_NAME = "$(TARGET_NAME)";
				SWIFT_EMIT_LOC_STRINGS = YES;
				SWIFT_VERSION = 5.0;
				TARGETED_DEVICE_FAMILY = 1;
			};
			name = Release;
		};
		F51C232726D367FC0027B356 /* Debug */ = {
			isa = XCBuildConfiguration;
			buildSettings = {
				ALWAYS_EMBED_SWIFT_STANDARD_LIBRARIES = YES;
				BUNDLE_LOADER = "$(TEST_HOST)";
				CODE_SIGN_STYLE = Automatic;
				CURRENT_PROJECT_VERSION = 1;
				DEVELOPMENT_TEAM = EAZT2D654U;
				GENERATE_INFOPLIST_FILE = YES;
				IPHONEOS_DEPLOYMENT_TARGET = 15.0;
				LD_RUNPATH_SEARCH_PATHS = (
					"$(inherited)",
					"@executable_path/Frameworks",
					"@loader_path/Frameworks",
				);
				MARKETING_VERSION = 1.0;
				PRODUCT_BUNDLE_IDENTIFIER = yyokii.DemoCameraCaptureTests;
				PRODUCT_NAME = "$(TARGET_NAME)";
				SWIFT_EMIT_LOC_STRINGS = NO;
				SWIFT_VERSION = 5.0;
				TARGETED_DEVICE_FAMILY = "1,2";
				TEST_HOST = "$(BUILT_PRODUCTS_DIR)/DemoCameraCapture.app/DemoCameraCapture";
			};
			name = Debug;
		};
		F51C232826D367FC0027B356 /* Release */ = {
			isa = XCBuildConfiguration;
			buildSettings = {
				ALWAYS_EMBED_SWIFT_STANDARD_LIBRARIES = YES;
				BUNDLE_LOADER = "$(TEST_HOST)";
				CODE_SIGN_STYLE = Automatic;
				CURRENT_PROJECT_VERSION = 1;
				DEVELOPMENT_TEAM = EAZT2D654U;
				GENERATE_INFOPLIST_FILE = YES;
				IPHONEOS_DEPLOYMENT_TARGET = 15.0;
				LD_RUNPATH_SEARCH_PATHS = (
					"$(inherited)",
					"@executable_path/Frameworks",
					"@loader_path/Frameworks",
				);
				MARKETING_VERSION = 1.0;
				PRODUCT_BUNDLE_IDENTIFIER = yyokii.DemoCameraCaptureTests;
				PRODUCT_NAME = "$(TARGET_NAME)";
				SWIFT_EMIT_LOC_STRINGS = NO;
				SWIFT_VERSION = 5.0;
				TARGETED_DEVICE_FAMILY = "1,2";
				TEST_HOST = "$(BUILT_PRODUCTS_DIR)/DemoCameraCapture.app/DemoCameraCapture";
			};
			name = Release;
		};
		F51C232A26D367FC0027B356 /* Debug */ = {
			isa = XCBuildConfiguration;
			buildSettings = {
				ALWAYS_EMBED_SWIFT_STANDARD_LIBRARIES = YES;
				CODE_SIGN_STYLE = Automatic;
				CURRENT_PROJECT_VERSION = 1;
				DEVELOPMENT_TEAM = EAZT2D654U;
				GENERATE_INFOPLIST_FILE = YES;
				LD_RUNPATH_SEARCH_PATHS = (
					"$(inherited)",
					"@executable_path/Frameworks",
					"@loader_path/Frameworks",
				);
				MARKETING_VERSION = 1.0;
				PRODUCT_BUNDLE_IDENTIFIER = yyokii.DemoCameraCaptureUITests;
				PRODUCT_NAME = "$(TARGET_NAME)";
				SWIFT_EMIT_LOC_STRINGS = NO;
				SWIFT_VERSION = 5.0;
				TARGETED_DEVICE_FAMILY = "1,2";
				TEST_TARGET_NAME = DemoCameraCapture;
			};
			name = Debug;
		};
		F51C232B26D367FC0027B356 /* Release */ = {
			isa = XCBuildConfiguration;
			buildSettings = {
				ALWAYS_EMBED_SWIFT_STANDARD_LIBRARIES = YES;
				CODE_SIGN_STYLE = Automatic;
				CURRENT_PROJECT_VERSION = 1;
				DEVELOPMENT_TEAM = EAZT2D654U;
				GENERATE_INFOPLIST_FILE = YES;
				LD_RUNPATH_SEARCH_PATHS = (
					"$(inherited)",
					"@executable_path/Frameworks",
					"@loader_path/Frameworks",
				);
				MARKETING_VERSION = 1.0;
				PRODUCT_BUNDLE_IDENTIFIER = yyokii.DemoCameraCaptureUITests;
				PRODUCT_NAME = "$(TARGET_NAME)";
				SWIFT_EMIT_LOC_STRINGS = NO;
				SWIFT_VERSION = 5.0;
				TARGETED_DEVICE_FAMILY = "1,2";
				TEST_TARGET_NAME = DemoCameraCapture;
			};
			name = Release;
		};
/* End XCBuildConfiguration section */

/* Begin XCConfigurationList section */
		F51C22F626D367FA0027B356 /* Build configuration list for PBXProject "DemoCameraCapture" */ = {
			isa = XCConfigurationList;
			buildConfigurations = (
				F51C232126D367FC0027B356 /* Debug */,
				F51C232226D367FC0027B356 /* Release */,
			);
			defaultConfigurationIsVisible = 0;
			defaultConfigurationName = Release;
		};
		F51C232326D367FC0027B356 /* Build configuration list for PBXNativeTarget "DemoCameraCapture" */ = {
			isa = XCConfigurationList;
			buildConfigurations = (
				F51C232426D367FC0027B356 /* Debug */,
				F51C232526D367FC0027B356 /* Release */,
			);
			defaultConfigurationIsVisible = 0;
			defaultConfigurationName = Release;
		};
		F51C232626D367FC0027B356 /* Build configuration list for PBXNativeTarget "DemoCameraCaptureTests" */ = {
			isa = XCConfigurationList;
			buildConfigurations = (
				F51C232726D367FC0027B356 /* Debug */,
				F51C232826D367FC0027B356 /* Release */,
			);
			defaultConfigurationIsVisible = 0;
			defaultConfigurationName = Release;
		};
		F51C232926D367FC0027B356 /* Build configuration list for PBXNativeTarget "DemoCameraCaptureUITests" */ = {
			isa = XCConfigurationList;
			buildConfigurations = (
				F51C232A26D367FC0027B356 /* Debug */,
				F51C232B26D367FC0027B356 /* Release */,
			);
			defaultConfigurationIsVisible = 0;
			defaultConfigurationName = Release;
		};
/* End XCConfigurationList section */
	};
	rootObject = F51C22F326D367FA0027B356 /* Project object */;
}
